
Microsoft Visual Studio Solution File, Format Version 12.00
Project("{F2A71F9B-5D33-465A-A702-920D77279786}") = "Dec01", "Dec01\Dec01.fsproj", "{F55CAD7A-D3EF-4EB7-9EC4-6A0557D781C0}"
EndProject
Project("{F2A71F9B-5D33-465A-A702-920D77279786}") = "Utils", "Utils\Utils.fsproj", "{1B280A1E-6D8E-4A1C-A57A-DFC3D1F77F16}"
EndProject
Project("{F2A71F9B-5D33-465A-A702-920D77279786}") = "Dec02", "Dec02\Dec02.fsproj", "{7304CDEE-4061-40A3-9CB2-B0DAA87AC9AF}"
EndProject
Project("{F2A71F9B-5D33-465A-A702-920D77279786}") = "Dec03", "Dec03\Dec03.fsproj", "{F41A3A8D-4331-4956-A343-BF7BD5995FCA}"
EndProject
Project("{F2A71F9B-5D33-465A-A702-920D77279786}") = "Dec04", "Dec04\Dec04.fsproj", "{8CB1B3A5-1B4E-44FB-939B-49E04F0153D3}"
EndProject
Project("{F2A71F9B-5D33-465A-A702-920D77279786}") = "Dec05", "Dec05\Dec05.fsproj", "{C918F39A-CF2F-4495-9293-9AABFC8E2371}"
EndProject
Project("{F2A71F9B-5D33-465A-A702-920D77279786}") = "Dec06", "Dec06\Dec06.fsproj", "{A8FC5EE5-C761-4468-9E92-CD531C29C8E9}"
EndProject
Project("{F2A71F9B-5D33-465A-A702-920D77279786}") = "Dec07", "Dec07\Dec07.fsproj", "{8A971BD2-8A23-4A02-ABCD-17015B8C06AF}"
EndProject
Project("{F2A71F9B-5D33-465A-A702-920D77279786}") = "Dec08", "Dec08\Dec08.fsproj", "{3F0780D2-837D-423E-954F-C6400EA7A66B}"
EndProject
Project("{F2A71F9B-5D33-465A-A702-920D77279786}") = "Dec09", "Dec09\Dec09.fsproj", "{3DF6012D-AEB9-44AA-ACC3-9D6638BBB8CC}"
EndProject
Project("{F2A71F9B-5D33-465A-A702-920D77279786}") = "Dec10", "Dec10\Dec10.fsproj", "{CC068F71-D8E0-490B-9508-842FBDF5D71E}"
EndProject
Global
	GlobalSection(SolutionConfigurationPlatforms) = preSolution
		Debug|Any CPU = Debug|Any CPU
		Release|Any CPU = Release|Any CPU
	EndGlobalSection
	GlobalSection(ProjectConfigurationPlatforms) = postSolution
		{F55CAD7A-D3EF-4EB7-9EC4-6A0557D781C0}.Debug|Any CPU.ActiveCfg = Debug|Any CPU
		{F55CAD7A-D3EF-4EB7-9EC4-6A0557D781C0}.Debug|Any CPU.Build.0 = Debug|Any CPU
		{F55CAD7A-D3EF-4EB7-9EC4-6A0557D781C0}.Release|Any CPU.ActiveCfg = Release|Any CPU
		{F55CAD7A-D3EF-4EB7-9EC4-6A0557D781C0}.Release|Any CPU.Build.0 = Release|Any CPU
		{1B280A1E-6D8E-4A1C-A57A-DFC3D1F77F16}.Debug|Any CPU.ActiveCfg = Debug|Any CPU
		{1B280A1E-6D8E-4A1C-A57A-DFC3D1F77F16}.Debug|Any CPU.Build.0 = Debug|Any CPU
		{1B280A1E-6D8E-4A1C-A57A-DFC3D1F77F16}.Release|Any CPU.ActiveCfg = Release|Any CPU
		{1B280A1E-6D8E-4A1C-A57A-DFC3D1F77F16}.Release|Any CPU.Build.0 = Release|Any CPU
		{7304CDEE-4061-40A3-9CB2-B0DAA87AC9AF}.Debug|Any CPU.ActiveCfg = Debug|Any CPU
		{7304CDEE-4061-40A3-9CB2-B0DAA87AC9AF}.Debug|Any CPU.Build.0 = Debug|Any CPU
		{7304CDEE-4061-40A3-9CB2-B0DAA87AC9AF}.Release|Any CPU.ActiveCfg = Release|Any CPU
		{7304CDEE-4061-40A3-9CB2-B0DAA87AC9AF}.Release|Any CPU.Build.0 = Release|Any CPU
		{F41A3A8D-4331-4956-A343-BF7BD5995FCA}.Debug|Any CPU.ActiveCfg = Debug|Any CPU
		{F41A3A8D-4331-4956-A343-BF7BD5995FCA}.Debug|Any CPU.Build.0 = Debug|Any CPU
		{F41A3A8D-4331-4956-A343-BF7BD5995FCA}.Release|Any CPU.ActiveCfg = Release|Any CPU
		{F41A3A8D-4331-4956-A343-BF7BD5995FCA}.Release|Any CPU.Build.0 = Release|Any CPU
		{8CB1B3A5-1B4E-44FB-939B-49E04F0153D3}.Debug|Any CPU.ActiveCfg = Debug|Any CPU
		{8CB1B3A5-1B4E-44FB-939B-49E04F0153D3}.Debug|Any CPU.Build.0 = Debug|Any CPU
		{8CB1B3A5-1B4E-44FB-939B-49E04F0153D3}.Release|Any CPU.ActiveCfg = Release|Any CPU
		{8CB1B3A5-1B4E-44FB-939B-49E04F0153D3}.Release|Any CPU.Build.0 = Release|Any CPU
		{C918F39A-CF2F-4495-9293-9AABFC8E2371}.Debug|Any CPU.ActiveCfg = Debug|Any CPU
		{C918F39A-CF2F-4495-9293-9AABFC8E2371}.Debug|Any CPU.Build.0 = Debug|Any CPU
		{C918F39A-CF2F-4495-9293-9AABFC8E2371}.Release|Any CPU.ActiveCfg = Release|Any CPU
		{C918F39A-CF2F-4495-9293-9AABFC8E2371}.Release|Any CPU.Build.0 = Release|Any CPU
		{A8FC5EE5-C761-4468-9E92-CD531C29C8E9}.Debug|Any CPU.ActiveCfg = Debug|Any CPU
		{A8FC5EE5-C761-4468-9E92-CD531C29C8E9}.Debug|Any CPU.Build.0 = Debug|Any CPU
		{A8FC5EE5-C761-4468-9E92-CD531C29C8E9}.Release|Any CPU.ActiveCfg = Release|Any CPU
		{A8FC5EE5-C761-4468-9E92-CD531C29C8E9}.Release|Any CPU.Build.0 = Release|Any CPU
		{8A971BD2-8A23-4A02-ABCD-17015B8C06AF}.Debug|Any CPU.ActiveCfg = Debug|Any CPU
		{8A971BD2-8A23-4A02-ABCD-17015B8C06AF}.Debug|Any CPU.Build.0 = Debug|Any CPU
		{8A971BD2-8A23-4A02-ABCD-17015B8C06AF}.Release|Any CPU.ActiveCfg = Release|Any CPU
		{8A971BD2-8A23-4A02-ABCD-17015B8C06AF}.Release|Any CPU.Build.0 = Release|Any CPU
		{3F0780D2-837D-423E-954F-C6400EA7A66B}.Debug|Any CPU.ActiveCfg = Debug|Any CPU
		{3F0780D2-837D-423E-954F-C6400EA7A66B}.Debug|Any CPU.Build.0 = Debug|Any CPU
		{3F0780D2-837D-423E-954F-C6400EA7A66B}.Release|Any CPU.ActiveCfg = Release|Any CPU
		{3F0780D2-837D-423E-954F-C6400EA7A66B}.Release|Any CPU.Build.0 = Release|Any CPU
		{3DF6012D-AEB9-44AA-ACC3-9D6638BBB8CC}.Debug|Any CPU.ActiveCfg = Debug|Any CPU
		{3DF6012D-AEB9-44AA-ACC3-9D6638BBB8CC}.Debug|Any CPU.Build.0 = Debug|Any CPU
		{3DF6012D-AEB9-44AA-ACC3-9D6638BBB8CC}.Release|Any CPU.ActiveCfg = Release|Any CPU
		{3DF6012D-AEB9-44AA-ACC3-9D6638BBB8CC}.Release|Any CPU.Build.0 = Release|Any CPU
		{CC068F71-D8E0-490B-9508-842FBDF5D71E}.Debug|Any CPU.ActiveCfg = Debug|Any CPU
		{CC068F71-D8E0-490B-9508-842FBDF5D71E}.Debug|Any CPU.Build.0 = Debug|Any CPU
		{CC068F71-D8E0-490B-9508-842FBDF5D71E}.Release|Any CPU.ActiveCfg = Release|Any CPU
		{CC068F71-D8E0-490B-9508-842FBDF5D71E}.Release|Any CPU.Build.0 = Release|Any CPU
	EndGlobalSection
EndGlobal
